// !$*UTF8*$!
{
	archiveVersion = 1;
	classes = {
	};
	objectVersion = 46;
	objects = {

/* Begin PBXBuildFile section */
		CEA2528A1F077533003CD36A /* AppDelegate.swift in Sources */ = {isa = PBXBuildFile; fileRef = CEA252891F077533003CD36A /* AppDelegate.swift */; };
		CEA2528C1F077533003CD36A /* ViewController.swift in Sources */ = {isa = PBXBuildFile; fileRef = CEA2528B1F077533003CD36A /* ViewController.swift */; };
		CEA2528F1F077533003CD36A /* Main.storyboard in Resources */ = {isa = PBXBuildFile; fileRef = CEA2528D1F077533003CD36A /* Main.storyboard */; };
		CEA252911F077533003CD36A /* Assets.xcassets in Resources */ = {isa = PBXBuildFile; fileRef = CEA252901F077533003CD36A /* Assets.xcassets */; };
		CEA252941F077533003CD36A /* LaunchScreen.storyboard in Resources */ = {isa = PBXBuildFile; fileRef = CEA252921F077533003CD36A /* LaunchScreen.storyboard */; };
		CEA2529C1F07755A003CD36A /* onebottle.jpg in Resources */ = {isa = PBXBuildFile; fileRef = CEA2529B1F07755A003CD36A /* onebottle.jpg */; };
/* End PBXBuildFile section */

/* Begin PBXFileReference section */
		CEA252861F077533003CD36A /* Login_View3.app */ = {isa = PBXFileReference; explicitFileType = wrapper.application; includeInIndex = 0; path = Login_View3.app; sourceTree = BUILT_PRODUCTS_DIR; };
		CEA252891F077533003CD36A /* AppDelegate.swift */ = {isa = PBXFileReference; lastKnownFileType = sourcecode.swift; path = AppDelegate.swift; sourceTree = "<group>"; };
		CEA2528B1F077533003CD36A /* ViewController.swift */ = {isa = PBXFileReference; lastKnownFileType = sourcecode.swift; path = ViewController.swift; sourceTree = "<group>"; };
		CEA2528E1F077533003CD36A /* Base */ = {isa = PBXFileReference; lastKnownFileType = file.storyboard; name = Base; path = Base.lproj/Main.storyboard; sourceTree = "<group>"; };
		CEA252901F077533003CD36A /* Assets.xcassets */ = {isa = PBXFileReference; lastKnownFileType = folder.assetcatalog; path = Assets.xcassets; sourceTree = "<group>"; };
		CEA252931F077533003CD36A /* Base */ = {isa = PBXFileReference; lastKnownFileType = file.storyboard; name = Base; path = Base.lproj/LaunchScreen.storyboard; sourceTree = "<group>"; };
		CEA252951F077533003CD36A /* Info.plist */ = {isa = PBXFileReference; lastKnownFileType = text.plist.xml; path = Info.plist; sourceTree = "<group>"; };
		CEA2529B1F07755A003CD36A /* onebottle.jpg */ = {isa = PBXFileReference; lastKnownFileType = image.jpeg; path = onebottle.jpg; sourceTree = "<group>"; };
/* End PBXFileReference section */

/* Begin PBXFrameworksBuildPhase section */
		CEA252831F077533003CD36A /* Frameworks */ = {
			isa = PBXFrameworksBuildPhase;
			buildActionMask = 2147483647;
			files = (
			);
			runOnlyForDeploymentPostprocessing = 0;
		};
/* End PBXFrameworksBuildPhase section */

/* Begin PBXGroup section */
		CEA2527D1F077533003CD36A = {
			isa = PBXGroup;
			children = (
				CEA252881F077533003CD36A /* Login_View3 */,
				CEA252871F077533003CD36A /* Products */,
			);
			sourceTree = "<group>";
		};
		CEA252871F077533003CD36A /* Products */ = {
			isa = PBXGroup;
			children = (
				CEA252861F077533003CD36A /* Login_View3.app */,
			);
			name = Products;
			sourceTree = "<group>";
		};
		CEA252881F077533003CD36A /* Login_View3 */ = {
			isa = PBXGroup;
			children = (
				CEA2529B1F07755A003CD36A /* onebottle.jpg */,
				CEA252891F077533003CD36A /* AppDelegate.swift */,
				CEA2528B1F077533003CD36A /* ViewController.swift */,
				CEA2528D1F077533003CD36A /* Main.storyboard */,
				CEA252901F077533003CD36A /* Assets.xcassets */,
				CEA252921F077533003CD36A /* LaunchScreen.storyboard */,
				CEA252951F077533003CD36A /* Info.plist */,
			);
			path = Login_View3;
			sourceTree = "<group>";
		};
/* End PBXGroup section */

/* Begin PBXNativeTarget section */
		CEA252851F077533003CD36A /* Login_View3 */ = {
			isa = PBXNativeTarget;
			buildConfigurationList = CEA252981F077533003CD36A /* Build configuration list for PBXNativeTarget "Login_View3" */;
			buildPhases = (
				CEA252821F077533003CD36A /* Sources */,
				CEA252831F077533003CD36A /* Frameworks */,
				CEA252841F077533003CD36A /* Resources */,
			);
			buildRules = (
			);
			dependencies = (
			);
			name = Login_View3;
			productName = Login_View3;
			productReference = CEA252861F077533003CD36A /* Login_View3.app */;
			productType = "com.apple.product-type.application";
		};
/* End PBXNativeTarget section */

/* Begin PBXProject section */
		CEA2527E1F077533003CD36A /* Project object */ = {
			isa = PBXProject;
			attributes = {
				LastSwiftUpdateCheck = 0830;
				LastUpgradeCheck = 0830;
				ORGANIZATIONNAME = "Ji-Yong Jeong";
				TargetAttributes = {
					CEA252851F077533003CD36A = {
						CreatedOnToolsVersion = 8.3.2;
						DevelopmentTeam = P94N3QDFF3;
						ProvisioningStyle = Automatic;
					};
				};
			};
			buildConfigurationList = CEA252811F077533003CD36A /* Build configuration list for PBXProject "Login_View3" */;
			compatibilityVersion = "Xcode 3.2";
			developmentRegion = English;
			hasScannedForEncodings = 0;
			knownRegions = (
				en,
				Base,
			);
			mainGroup = CEA2527D1F077533003CD36A;
			productRefGroup = CEA252871F077533003CD36A /* Products */;
			projectDirPath = "";
			projectRoot = "";
			targets = (
				CEA252851F077533003CD36A /* Login_View3 */,
			);
		};
/* End PBXProject section */

/* Begin PBXResourcesBuildPhase section */
		CEA252841F077533003CD36A /* Resources */ = {
			isa = PBXResourcesBuildPhase;
			buildActionMask = 2147483647;
			files = (
				CEA2529C1F07755A003CD36A /* onebottle.jpg in Resources */,
				CEA252941F077533003CD36A /* LaunchScreen.storyboard in Resources */,
				CEA252911F077533003CD36A /* Assets.xcassets in Resources */,
				CEA2528F1F077533003CD36A /* Main.storyboard in Resources */,
			);
			runOnlyForDeploymentPostprocessing = 0;
		};
/* End PBXResourcesBuildPhase section */

/* Begin PBXSourcesBuildPhase section */
		CEA252821F077533003CD36A /* Sources */ = {
			isa = PBXSourcesBuildPhase;
			buildActionMask = 2147483647;
			files = (
				CEA2528C1F077533003CD36A /* ViewController.swift in Sources */,
				CEA2528A1F077533003CD36A /* AppDelegate.swift in Sources */,
			);
			runOnlyForDeploymentPostprocessing = 0;
		};
/* End PBXSourcesBuildPhase section */

/* Begin PBXVariantGroup section */
		CEA2528D1F077533003CD36A /* Main.storyboard */ = {
			isa = PBXVariantGroup;
			children = (
				CEA2528E1F077533003CD36A /* Base */,
			);
			name = Main.storyboard;
			sourceTree = "<group>";
		};
		CEA252921F077533003CD36A /* LaunchScreen.storyboard */ = {
			isa = PBXVariantGroup;
			children = (
				CEA252931F077533003CD36A /* Base */,
			);
			name = LaunchScreen.storyboard;
			sourceTree = "<group>";
		};
/* End PBXVariantGroup section */

/* Begin XCBuildConfiguration section */
		CEA252961F077533003CD36A /* Debug */ = {
			isa = XCBuildConfiguration;
			buildSettings = {
				ALWAYS_SEARCH_USER_PATHS = NO;
				CLANG_ANALYZER_NONNULL = YES;
				CLANG_ANALYZER_NUMBER_OBJECT_CONVERSION = YES_AGGRESSIVE;
				CLANG_CXX_LANGUAGE_STANDARD = "gnu++0x";
				CLANG_CXX_LIBRARY = "libc++";
				CLANG_ENABLE_MODULES = YES;
				CLANG_ENABLE_OBJC_ARC = YES;
				CLANG_WARN_BOOL_CONVERSION = YES;
				CLANG_WARN_CONSTANT_CONVERSION = YES;
				CLANG_WARN_DIRECT_OBJC_ISA_USAGE = YES_ERROR;
				CLANG_WARN_DOCUMENTATION_COMMENTS = YES;
				CLANG_WARN_EMPTY_BODY = YES;
				CLANG_WARN_ENUM_CONVERSION = YES;
				CLANG_WARN_INFINITE_RECURSION = YES;
				CLANG_WARN_INT_CONVERSION = YES;
				CLANG_WARN_OBJC_ROOT_CLASS = YES_ERROR;
				CLANG_WARN_SUSPICIOUS_MOVE = YES;
				CLANG_WARN_UNREACHABLE_CODE = YES;
				CLANG_WARN__DUPLICATE_METHOD_MATCH = YES;
				"CODE_SIGN_IDENTITY[sdk=iphoneos*]" = "iPhone Developer";
				COPY_PHASE_STRIP = NO;
				DEBUG_INFORMATION_FORMAT = dwarf;
				ENABLE_STRICT_OBJC_MSGSEND = YES;
				ENABLE_TESTABILITY = YES;
				GCC_C_LANGUAGE_STANDARD = gnu99;
				GCC_DYNAMIC_NO_PIC = NO;
				GCC_NO_COMMON_BLOCKS = YES;
				GCC_OPTIMIZATION_LEVEL = 0;
				GCC_PREPROCESSOR_DEFINITIONS = (
					"DEBUG=1",
					"$(inherited)",
				);
				GCC_WARN_64_TO_32_BIT_CONVERSION = YES;
				GCC_WARN_ABOUT_RETURN_TYPE = YES_ERROR;
				GCC_WARN_UNDECLARED_SELECTOR = YES;
				GCC_WARN_UNINITIALIZED_AUTOS = YES_AGGRESSIVE;
				GCC_WARN_UNUSED_FUNCTION = YES;
				GCC_WARN_UNUSED_VARIABLE = YES;
				IPHONEOS_DEPLOYMENT_TARGET = 10.3;
				MTL_ENABLE_DEBUG_INFO = YES;
				ONLY_ACTIVE_ARCH = YES;
				SDKROOT = iphoneos;
				SWIFT_ACTIVE_COMPILATION_CONDITIONS = DEBUG;
				SWIFT_OPTIMIZATION_LEVEL = "-Onone";
			};
			name = Debug;
		};
		CEA252971F077533003CD36A /* Release */ = {
			isa = XCBuildConfiguration;
			buildSettings = {
				ALWAYS_SEARCH_USER_PATHS = NO;
				CLANG_ANALYZER_NONNULL = YES;
				CLANG_ANALYZER_NUMBER_OBJECT_CONVERSION = YES_AGGRESSIVE;
				CLANG_CXX_LANGUAGE_STANDARD = "gnu++0x";
				CLANG_CXX_LIBRARY = "libc++";
				CLANG_ENABLE_MODULES = YES;
				CLANG_ENABLE_OBJC_ARC = YES;
				CLANG_WARN_BOOL_CONVERSION = YES;
				CLANG_WARN_CONSTANT_CONVERSION = YES;
				CLANG_WARN_DIRECT_OBJC_ISA_USAGE = YES_ERROR;
				CLANG_WARN_DOCUMENTATION_COMMENTS = YES;
				CLANG_WARN_EMPTY_BODY = YES;
				CLANG_WARN_ENUM_CONVERSION = YES;
				CLANG_WARN_INFINITE_RECURSION = YES;
				CLANG_WARN_INT_CONVERSION = YES;
				CLANG_WARN_OBJC_ROOT_CLASS = YES_ERROR;
				CLANG_WARN_SUSPICIOUS_MOVE = YES;
				CLANG_WARN_UNREACHABLE_CODE = YES;
				CLANG_WARN__DUPLICATE_METHOD_MATCH = YES;
				"CODE_SIGN_IDENTITY[sdk=iphoneos*]" = "iPhone Developer";
				COPY_PHASE_STRIP = NO;
				DEBUG_INFORMATION_FORMAT = "dwarf-with-dsym";
				ENABLE_NS_ASSERTIONS = NO;
				ENABLE_STRICT_OBJC_MSGSEND = YES;
				GCC_C_LANGUAGE_STANDARD = gnu99;
				GCC_NO_COMMON_BLOCKS = YES;
				GCC_WARN_64_TO_32_BIT_CONVERSION = YES;
				GCC_WARN_ABOUT_RETURN_TYPE = YES_ERROR;
				GCC_WARN_UNDECLARED_SELECTOR = YES;
				GCC_WARN_UNINITIALIZED_AUTOS = YES_AGGRESSIVE;
				GCC_WARN_UNUSED_FUNCTION = YES;
				GCC_WARN_UNUSED_VARIABLE = YES;
				IPHONEOS_DEPLOYMENT_TARGET = 10.3;
				MTL_ENABLE_DEBUG_INFO = NO;
				SDKROOT = iphoneos;
				SWIFT_OPTIMIZATION_LEVEL = "-Owholemodule";
				VALIDATE_PRODUCT = YES;
			};
			name = Release;
		};
		CEA252991F077533003CD36A /* Debug */ = {
			isa = XCBuildConfiguration;
			buildSettings = {
				ASSETCATALOG_COMPILER_APPICON_NAME = AppIcon;
				DEVELOPMENT_TEAM = P94N3QDFF3;
				INFOPLIST_FILE = Login_View3/Info.plist;
				LD_RUNPATH_SEARCH_PATHS = "$(inherited) @executable_path/Frameworks";
				PRODUCT_BUNDLE_IDENTIFIER = "com.Yongcompany.Login-View3";
				PRODUCT_NAME = "$(TARGET_NAME)";
				SWIFT_VERSION = 3.0;
			};
			name = Debug;
		};
		CEA2529A1F077533003CD36A /* Release */ = {
			isa = XCBuildConfiguration;
			buildSettings = {
				ASSETCATALOG_COMPILER_APPICON_NAME = AppIcon;
				DEVELOPMENT_TEAM = P94N3QDFF3;
				INFOPLIST_FILE = Login_View3/Info.plist;
				LD_RUNPATH_SEARCH_PATHS = "$(inherited) @executable_path/Frameworks";
				PRODUCT_BUNDLE_IDENTIFIER = "com.Yongcompany.Login-View3";
				PRODUCT_NAME = "$(TARGET_NAME)";
				SWIFT_VERSION = 3.0;
			};
			name = Release;
		};
/* End XCBuildConfiguration section */

/* Begin XCConfigurationList section */
		CEA252811F077533003CD36A /* Build configuration list for PBXProject "Login_View3" */ = {
			isa = XCConfigurationList;
			buildConfigurations = (
				CEA252961F077533003CD36A /* Debug */,
				CEA252971F077533003CD36A /* Release */,
			);
			defaultConfigurationIsVisible = 0;
			defaultConfigurationName = Release;
		};
		CEA252981F077533003CD36A /* Build configuration list for PBXNativeTarget "Login_View3" */ = {
			isa = XCConfigurationList;
			buildConfigurations = (
				CEA252991F077533003CD36A /* Debug */,
				CEA2529A1F077533003CD36A /* Release */,
			);
			defaultConfigurationIsVisible = 0;
		};
/* End XCConfigurationList section */
	};
	rootObject = CEA2527E1F077533003CD36A /* Project object */;
}
